// !$*UTF8*$!
{
	archiveVersion = 1;
	classes = {
	};
	objectVersion = 46;
	objects = {

/* Begin PBXBuildFile section */
		9C71CB2C18D7482F00D7C08F /* Foundation.framework in Frameworks */ = {isa = PBXBuildFile; fileRef = 9C71CB2B18D7482F00D7C08F /* Foundation.framework */; };
		9C71CB2E18D7482F00D7C08F /* CoreGraphics.framework in Frameworks */ = {isa = PBXBuildFile; fileRef = 9C71CB2D18D7482F00D7C08F /* CoreGraphics.framework */; };
		9C71CB3018D7482F00D7C08F /* UIKit.framework in Frameworks */ = {isa = PBXBuildFile; fileRef = 9C71CB2F18D7482F00D7C08F /* UIKit.framework */; };
		9C71CB3618D7482F00D7C08F /* InfoPlist.strings in Resources */ = {isa = PBXBuildFile; fileRef = 9C71CB3418D7482F00D7C08F /* InfoPlist.strings */; };
		9C71CB3818D7482F00D7C08F /* main.m in Sources */ = {isa = PBXBuildFile; fileRef = 9C71CB3718D7482F00D7C08F /* main.m */; };
		9C71CB3C18D7482F00D7C08F /* AppDelegate.m in Sources */ = {isa = PBXBuildFile; fileRef = 9C71CB3B18D7482F00D7C08F /* AppDelegate.m */; };
		9C71CB3F18D7482F00D7C08F /* Main_iPhone.storyboard in Resources */ = {isa = PBXBuildFile; fileRef = 9C71CB3D18D7482F00D7C08F /* Main_iPhone.storyboard */; };
		9C71CB4218D7482F00D7C08F /* Main_iPad.storyboard in Resources */ = {isa = PBXBuildFile; fileRef = 9C71CB4018D7482F00D7C08F /* Main_iPad.storyboard */; };
		9C71CB4518D7482F00D7C08F /* ViewController.m in Sources */ = {isa = PBXBuildFile; fileRef = 9C71CB4418D7482F00D7C08F /* ViewController.m */; };
		9C71CB4718D7482F00D7C08F /* Images.xcassets in Resources */ = {isa = PBXBuildFile; fileRef = 9C71CB4618D7482F00D7C08F /* Images.xcassets */; };
		9C71CB4E18D7482F00D7C08F /* XCTest.framework in Frameworks */ = {isa = PBXBuildFile; fileRef = 9C71CB4D18D7482F00D7C08F /* XCTest.framework */; };
		9C71CB4F18D7482F00D7C08F /* Foundation.framework in Frameworks */ = {isa = PBXBuildFile; fileRef = 9C71CB2B18D7482F00D7C08F /* Foundation.framework */; };
		9C71CB5018D7482F00D7C08F /* UIKit.framework in Frameworks */ = {isa = PBXBuildFile; fileRef = 9C71CB2F18D7482F00D7C08F /* UIKit.framework */; };
		9C71CB5818D7482F00D7C08F /* InfoPlist.strings in Resources */ = {isa = PBXBuildFile; fileRef = 9C71CB5618D7482F00D7C08F /* InfoPlist.strings */; };
		9C71CB5A18D7482F00D7C08F /* Clock_FireworkTests.m in Sources */ = {isa = PBXBuildFile; fileRef = 9C71CB5918D7482F00D7C08F /* Clock_FireworkTests.m */; };
		9C71CB6518D748D400D7C08F /* FireworkLayerView.m in Sources */ = {isa = PBXBuildFile; fileRef = 9C71CB6418D748D400D7C08F /* FireworkLayerView.m */; };
		F5D94BB718D751920058D349 /* QuartzCore.framework in Frameworks */ = {isa = PBXBuildFile; fileRef = F5D94BB618D751920058D349 /* QuartzCore.framework */; };
/* End PBXBuildFile section */

/* Begin PBXContainerItemProxy section */
		9C71CB5118D7482F00D7C08F /* PBXContainerItemProxy */ = {
			isa = PBXContainerItemProxy;
			containerPortal = 9C71CB2018D7482F00D7C08F /* Project object */;
			proxyType = 1;
			remoteGlobalIDString = 9C71CB2718D7482F00D7C08F;
			remoteInfo = "Clock Firework";
		};
/* End PBXContainerItemProxy section */

/* Begin PBXFileReference section */
		9C71CB2818D7482F00D7C08F /* Clock Firework.app */ = {isa = PBXFileReference; explicitFileType = wrapper.application; includeInIndex = 0; path = "Clock Firework.app"; sourceTree = BUILT_PRODUCTS_DIR; };
		9C71CB2B18D7482F00D7C08F /* Foundation.framework */ = {isa = PBXFileReference; lastKnownFileType = wrapper.framework; name = Foundation.framework; path = System/Library/Frameworks/Foundation.framework; sourceTree = SDKROOT; };
		9C71CB2D18D7482F00D7C08F /* CoreGraphics.framework */ = {isa = PBXFileReference; lastKnownFileType = wrapper.framework; name = CoreGraphics.framework; path = System/Library/Frameworks/CoreGraphics.framework; sourceTree = SDKROOT; };
		9C71CB2F18D7482F00D7C08F /* UIKit.framework */ = {isa = PBXFileReference; lastKnownFileType = wrapper.framework; name = UIKit.framework; path = System/Library/Frameworks/UIKit.framework; sourceTree = SDKROOT; };
		9C71CB3318D7482F00D7C08F /* Clock Firework-Info.plist */ = {isa = PBXFileReference; lastKnownFileType = text.plist.xml; path = "Clock Firework-Info.plist"; sourceTree = "<group>"; };
		9C71CB3518D7482F00D7C08F /* en */ = {isa = PBXFileReference; lastKnownFileType = text.plist.strings; name = en; path = en.lproj/InfoPlist.strings; sourceTree = "<group>"; };
		9C71CB3718D7482F00D7C08F /* main.m */ = {isa = PBXFileReference; lastKnownFileType = sourcecode.c.objc; path = main.m; sourceTree = "<group>"; };
		9C71CB3918D7482F00D7C08F /* Clock Firework-Prefix.pch */ = {isa = PBXFileReference; lastKnownFileType = sourcecode.c.h; path = "Clock Firework-Prefix.pch"; sourceTree = "<group>"; };
		9C71CB3A18D7482F00D7C08F /* AppDelegate.h */ = {isa = PBXFileReference; lastKnownFileType = sourcecode.c.h; path = AppDelegate.h; sourceTree = "<group>"; };
		9C71CB3B18D7482F00D7C08F /* AppDelegate.m */ = {isa = PBXFileReference; lastKnownFileType = sourcecode.c.objc; path = AppDelegate.m; sourceTree = "<group>"; };
		9C71CB3E18D7482F00D7C08F /* Base */ = {isa = PBXFileReference; lastKnownFileType = file.storyboard; name = Base; path = Base.lproj/Main_iPhone.storyboard; sourceTree = "<group>"; };
		9C71CB4118D7482F00D7C08F /* Base */ = {isa = PBXFileReference; lastKnownFileType = file.storyboard; name = Base; path = Base.lproj/Main_iPad.storyboard; sourceTree = "<group>"; };
		9C71CB4318D7482F00D7C08F /* ViewController.h */ = {isa = PBXFileReference; lastKnownFileType = sourcecode.c.h; path = ViewController.h; sourceTree = "<group>"; };
		9C71CB4418D7482F00D7C08F /* ViewController.m */ = {isa = PBXFileReference; lastKnownFileType = sourcecode.c.objc; path = ViewController.m; sourceTree = "<group>"; };
		9C71CB4618D7482F00D7C08F /* Images.xcassets */ = {isa = PBXFileReference; lastKnownFileType = folder.assetcatalog; path = Images.xcassets; sourceTree = "<group>"; };
		9C71CB4C18D7482F00D7C08F /* Clock FireworkTests.xctest */ = {isa = PBXFileReference; explicitFileType = wrapper.cfbundle; includeInIndex = 0; path = "Clock FireworkTests.xctest"; sourceTree = BUILT_PRODUCTS_DIR; };
		9C71CB4D18D7482F00D7C08F /* XCTest.framework */ = {isa = PBXFileReference; lastKnownFileType = wrapper.framework; name = XCTest.framework; path = Library/Frameworks/XCTest.framework; sourceTree = DEVELOPER_DIR; };
		9C71CB5518D7482F00D7C08F /* Clock FireworkTests-Info.plist */ = {isa = PBXFileReference; lastKnownFileType = text.plist.xml; path = "Clock FireworkTests-Info.plist"; sourceTree = "<group>"; };
		9C71CB5718D7482F00D7C08F /* en */ = {isa = PBXFileReference; lastKnownFileType = text.plist.strings; name = en; path = en.lproj/InfoPlist.strings; sourceTree = "<group>"; };
		9C71CB5918D7482F00D7C08F /* Clock_FireworkTests.m */ = {isa = PBXFileReference; lastKnownFileType = sourcecode.c.objc; path = Clock_FireworkTests.m; sourceTree = "<group>"; };
		9C71CB6318D748D400D7C08F /* FireworkLayerView.h */ = {isa = PBXFileReference; fileEncoding = 4; lastKnownFileType = sourcecode.c.h; path = FireworkLayerView.h; sourceTree = "<group>"; };
		9C71CB6418D748D400D7C08F /* FireworkLayerView.m */ = {isa = PBXFileReference; fileEncoding = 4; lastKnownFileType = sourcecode.c.objc; path = FireworkLayerView.m; sourceTree = "<group>"; };
		F5D94BB618D751920058D349 /* QuartzCore.framework */ = {isa = PBXFileReference; lastKnownFileType = wrapper.framework; name = QuartzCore.framework; path = System/Library/Frameworks/QuartzCore.framework; sourceTree = SDKROOT; };
/* End PBXFileReference section */

/* Begin PBXFrameworksBuildPhase section */
		9C71CB2518D7482F00D7C08F /* Frameworks */ = {
			isa = PBXFrameworksBuildPhase;
			buildActionMask = 2147483647;
			files = (
				F5D94BB718D751920058D349 /* QuartzCore.framework in Frameworks */,
				9C71CB2E18D7482F00D7C08F /* CoreGraphics.framework in Frameworks */,
				9C71CB3018D7482F00D7C08F /* UIKit.framework in Frameworks */,
				9C71CB2C18D7482F00D7C08F /* Foundation.framework in Frameworks */,
			);
			runOnlyForDeploymentPostprocessing = 0;
		};
		9C71CB4918D7482F00D7C08F /* Frameworks */ = {
			isa = PBXFrameworksBuildPhase;
			buildActionMask = 2147483647;
			files = (
				9C71CB4E18D7482F00D7C08F /* XCTest.framework in Frameworks */,
				9C71CB5018D7482F00D7C08F /* UIKit.framework in Frameworks */,
				9C71CB4F18D7482F00D7C08F /* Foundation.framework in Frameworks */,
			);
			runOnlyForDeploymentPostprocessing = 0;
		};
/* End PBXFrameworksBuildPhase section */

/* Begin PBXGroup section */
		9C71CB1F18D7482F00D7C08F = {
			isa = PBXGroup;
			children = (
				9C71CB3118D7482F00D7C08F /* Clock Firework */,
				9C71CB5318D7482F00D7C08F /* Clock FireworkTests */,
				9C71CB2A18D7482F00D7C08F /* Frameworks */,
				9C71CB2918D7482F00D7C08F /* Products */,
			);
			sourceTree = "<group>";
		};
		9C71CB2918D7482F00D7C08F /* Products */ = {
			isa = PBXGroup;
			children = (
				9C71CB2818D7482F00D7C08F /* Clock Firework.app */,
				9C71CB4C18D7482F00D7C08F /* Clock FireworkTests.xctest */,
			);
			name = Products;
			sourceTree = "<group>";
		};
		9C71CB2A18D7482F00D7C08F /* Frameworks */ = {
			isa = PBXGroup;
			children = (
				F5D94BB618D751920058D349 /* QuartzCore.framework */,
				9C71CB2B18D7482F00D7C08F /* Foundation.framework */,
				9C71CB2D18D7482F00D7C08F /* CoreGraphics.framework */,
				9C71CB2F18D7482F00D7C08F /* UIKit.framework */,
				9C71CB4D18D7482F00D7C08F /* XCTest.framework */,
			);
			name = Frameworks;
			sourceTree = "<group>";
		};
		9C71CB3118D7482F00D7C08F /* Clock Firework */ = {
			isa = PBXGroup;
			children = (
				9C71CB3A18D7482F00D7C08F /* AppDelegate.h */,
				9C71CB3B18D7482F00D7C08F /* AppDelegate.m */,
				9C71CB3D18D7482F00D7C08F /* Main_iPhone.storyboard */,
				9C71CB4018D7482F00D7C08F /* Main_iPad.storyboard */,
				9C71CB4318D7482F00D7C08F /* ViewController.h */,
				9C71CB4418D7482F00D7C08F /* ViewController.m */,
				9C71CB6318D748D400D7C08F /* FireworkLayerView.h */,
				9C71CB6418D748D400D7C08F /* FireworkLayerView.m */,
				9C71CB4618D7482F00D7C08F /* Images.xcassets */,
				9C71CB3218D7482F00D7C08F /* Supporting Files */,
			);
			path = "Clock Firework";
			sourceTree = "<group>";
		};
		9C71CB3218D7482F00D7C08F /* Supporting Files */ = {
			isa = PBXGroup;
			children = (
				9C71CB3318D7482F00D7C08F /* Clock Firework-Info.plist */,
				9C71CB3418D7482F00D7C08F /* InfoPlist.strings */,
				9C71CB3718D7482F00D7C08F /* main.m */,
				9C71CB3918D7482F00D7C08F /* Clock Firework-Prefix.pch */,
			);
			name = "Supporting Files";
			sourceTree = "<group>";
		};
		9C71CB5318D7482F00D7C08F /* Clock FireworkTests */ = {
			isa = PBXGroup;
			children = (
				9C71CB5918D7482F00D7C08F /* Clock_FireworkTests.m */,
				9C71CB5418D7482F00D7C08F /* Supporting Files */,
			);
			path = "Clock FireworkTests";
			sourceTree = "<group>";
		};
		9C71CB5418D7482F00D7C08F /* Supporting Files */ = {
			isa = PBXGroup;
			children = (
				9C71CB5518D7482F00D7C08F /* Clock FireworkTests-Info.plist */,
				9C71CB5618D7482F00D7C08F /* InfoPlist.strings */,
			);
			name = "Supporting Files";
			sourceTree = "<group>";
		};
/* End PBXGroup section */

/* Begin PBXNativeTarget section */
		9C71CB2718D7482F00D7C08F /* Clock Firework */ = {
			isa = PBXNativeTarget;
			buildConfigurationList = 9C71CB5D18D7482F00D7C08F /* Build configuration list for PBXNativeTarget "Clock Firework" */;
			buildPhases = (
				9C71CB2418D7482F00D7C08F /* Sources */,
				9C71CB2518D7482F00D7C08F /* Frameworks */,
				9C71CB2618D7482F00D7C08F /* Resources */,
			);
			buildRules = (
			);
			dependencies = (
			);
			name = "Clock Firework";
			productName = "Clock Firework";
			productReference = 9C71CB2818D7482F00D7C08F /* Clock Firework.app */;
			productType = "com.apple.product-type.application";
		};
		9C71CB4B18D7482F00D7C08F /* Clock FireworkTests */ = {
			isa = PBXNativeTarget;
			buildConfigurationList = 9C71CB6018D7482F00D7C08F /* Build configuration list for PBXNativeTarget "Clock FireworkTests" */;
			buildPhases = (
				9C71CB4818D7482F00D7C08F /* Sources */,
				9C71CB4918D7482F00D7C08F /* Frameworks */,
				9C71CB4A18D7482F00D7C08F /* Resources */,
			);
			buildRules = (
			);
			dependencies = (
				9C71CB5218D7482F00D7C08F /* PBXTargetDependency */,
			);
			name = "Clock FireworkTests";
			productName = "Clock FireworkTests";
			productReference = 9C71CB4C18D7482F00D7C08F /* Clock FireworkTests.xctest */;
			productType = "com.apple.product-type.bundle.unit-test";
		};
/* End PBXNativeTarget section */

/* Begin PBXProject section */
		9C71CB2018D7482F00D7C08F /* Project object */ = {
			isa = PBXProject;
			attributes = {
				LastUpgradeCheck = 0510;
				ORGANIZATIONNAME = HIROKI;
				TargetAttributes = {
					9C71CB4B18D7482F00D7C08F = {
						TestTargetID = 9C71CB2718D7482F00D7C08F;
					};
				};
			};
			buildConfigurationList = 9C71CB2318D7482F00D7C08F /* Build configuration list for PBXProject "Clock Firework" */;
			compatibilityVersion = "Xcode 3.2";
			developmentRegion = English;
			hasScannedForEncodings = 0;
			knownRegions = (
				en,
				Base,
			);
			mainGroup = 9C71CB1F18D7482F00D7C08F;
			productRefGroup = 9C71CB2918D7482F00D7C08F /* Products */;
			projectDirPath = "";
			projectRoot = "";
			targets = (
				9C71CB2718D7482F00D7C08F /* Clock Firework */,
				9C71CB4B18D7482F00D7C08F /* Clock FireworkTests */,
			);
		};
/* End PBXProject section */

/* Begin PBXResourcesBuildPhase section */
		9C71CB2618D7482F00D7C08F /* Resources */ = {
			isa = PBXResourcesBuildPhase;
			buildActionMask = 2147483647;
			files = (
				9C71CB4218D7482F00D7C08F /* Main_iPad.storyboard in Resources */,
				9C71CB4718D7482F00D7C08F /* Images.xcassets in Resources */,
				9C71CB3F18D7482F00D7C08F /* Main_iPhone.storyboard in Resources */,
				9C71CB3618D7482F00D7C08F /* InfoPlist.strings in Resources */,
			);
			runOnlyForDeploymentPostprocessing = 0;
		};
		9C71CB4A18D7482F00D7C08F /* Resources */ = {
			isa = PBXResourcesBuildPhase;
			buildActionMask = 2147483647;
			files = (
				9C71CB5818D7482F00D7C08F /* InfoPlist.strings in Resources */,
			);
			runOnlyForDeploymentPostprocessing = 0;
		};
/* End PBXResourcesBuildPhase section */

/* Begin PBXSourcesBuildPhase section */
		9C71CB2418D7482F00D7C08F /* Sources */ = {
			isa = PBXSourcesBuildPhase;
			buildActionMask = 2147483647;
			files = (
				9C71CB4518D7482F00D7C08F /* ViewController.m in Sources */,
				9C71CB3C18D7482F00D7C08F /* AppDelegate.m in Sources */,
				9C71CB3818D7482F00D7C08F /* main.m in Sources */,
				9C71CB6518D748D400D7C08F /* FireworkLayerView.m in Sources */,
			);
			runOnlyForDeploymentPostprocessing = 0;
		};
		9C71CB4818D7482F00D7C08F /* Sources */ = {
			isa = PBXSourcesBuildPhase;
			buildActionMask = 2147483647;
			files = (
				9C71CB5A18D7482F00D7C08F /* Clock_FireworkTests.m in Sources */,
			);
			runOnlyForDeploymentPostprocessing = 0;
		};
/* End PBXSourcesBuildPhase section */

/* Begin PBXTargetDependency section */
		9C71CB5218D7482F00D7C08F /* PBXTargetDependency */ = {
			isa = PBXTargetDependency;
			target = 9C71CB2718D7482F00D7C08F /* Clock Firework */;
			targetProxy = 9C71CB5118D7482F00D7C08F /* PBXContainerItemProxy */;
		};
/* End PBXTargetDependency section */

/* Begin PBXVariantGroup section */
		9C71CB3418D7482F00D7C08F /* InfoPlist.strings */ = {
			isa = PBXVariantGroup;
			children = (
				9C71CB3518D7482F00D7C08F /* en */,
			);
			name = InfoPlist.strings;
			sourceTree = "<group>";
		};
		9C71CB3D18D7482F00D7C08F /* Main_iPhone.storyboard */ = {
			isa = PBXVariantGroup;
			children = (
				9C71CB3E18D7482F00D7C08F /* Base */,
			);
			name = Main_iPhone.storyboard;
			sourceTree = "<group>";
		};
		9C71CB4018D7482F00D7C08F /* Main_iPad.storyboard */ = {
			isa = PBXVariantGroup;
			children = (
				9C71CB4118D7482F00D7C08F /* Base */,
			);
			name = Main_iPad.storyboard;
			sourceTree = "<group>";
		};
		9C71CB5618D7482F00D7C08F /* InfoPlist.strings */ = {
			isa = PBXVariantGroup;
			children = (
				9C71CB5718D7482F00D7C08F /* en */,
			);
			name = InfoPlist.strings;
			sourceTree = "<group>";
		};
/* End PBXVariantGroup section */

/* Begin XCBuildConfiguration section */
		9C71CB5B18D7482F00D7C08F /* Debug */ = {
			isa = XCBuildConfiguration;
			buildSettings = {
				ALWAYS_SEARCH_USER_PATHS = NO;
				CLANG_CXX_LANGUAGE_STANDARD = "gnu++0x";
				CLANG_CXX_LIBRARY = "libc++";
				CLANG_ENABLE_MODULES = YES;
				CLANG_ENABLE_OBJC_ARC = YES;
				CLANG_WARN_BOOL_CONVERSION = YES;
				CLANG_WARN_CONSTANT_CONVERSION = YES;
				CLANG_WARN_DIRECT_OBJC_ISA_USAGE = YES_ERROR;
				CLANG_WARN_EMPTY_BODY = YES;
				CLANG_WARN_ENUM_CONVERSION = YES;
				CLANG_WARN_INT_CONVERSION = YES;
				CLANG_WARN_OBJC_ROOT_CLASS = YES_ERROR;
				CLANG_WARN__DUPLICATE_METHOD_MATCH = YES;
				"CODE_SIGN_IDENTITY[sdk=iphoneos*]" = "iPhone Developer";
				COPY_PHASE_STRIP = NO;
				GCC_C_LANGUAGE_STANDARD = gnu99;
				GCC_DYNAMIC_NO_PIC = NO;
				GCC_OPTIMIZATION_LEVEL = 0;
				GCC_PREPROCESSOR_DEFINITIONS = (
					"DEBUG=1",
					"$(inherited)",
				);
				GCC_SYMBOLS_PRIVATE_EXTERN = NO;
				GCC_WARN_64_TO_32_BIT_CONVERSION = YES;
				GCC_WARN_ABOUT_RETURN_TYPE = YES_ERROR;
				GCC_WARN_UNDECLARED_SELECTOR = YES;
				GCC_WARN_UNINITIALIZED_AUTOS = YES_AGGRESSIVE;
				GCC_WARN_UNUSED_FUNCTION = YES;
				GCC_WARN_UNUSED_VARIABLE = YES;
				IPHONEOS_DEPLOYMENT_TARGET = 7.1;
				ONLY_ACTIVE_ARCH = YES;
				SDKROOT = iphoneos;
				TARGETED_DEVICE_FAMILY = "1,2";
			};
			name = Debug;
		};
		9C71CB5C18D7482F00D7C08F /* Release */ = {
			isa = XCBuildConfiguration;
			buildSettings = {
				ALWAYS_SEARCH_USER_PATHS = NO;
				CLANG_CXX_LANGUAGE_STANDARD = "gnu++0x";
				CLANG_CXX_LIBRARY = "libc++";
				CLANG_ENABLE_MODULES = YES;
				CLANG_ENABLE_OBJC_ARC = YES;
				CLANG_WARN_BOOL_CONVERSION = YES;
				CLANG_WARN_CONSTANT_CONVERSION = YES;
				CLANG_WARN_DIRECT_OBJC_ISA_USAGE = YES_ERROR;
				CLANG_WARN_EMPTY_BODY = YES;
				CLANG_WARN_ENUM_CONVERSION = YES;
				CLANG_WARN_INT_CONVERSION = YES;
				CLANG_WARN_OBJC_ROOT_CLASS = YES_ERROR;
				CLANG_WARN__DUPLICATE_METHOD_MATCH = YES;
				"CODE_SIGN_IDENTITY[sdk=iphoneos*]" = "iPhone Developer";
				COPY_PHASE_STRIP = YES;
				ENABLE_NS_ASSERTIONS = NO;
				GCC_C_LANGUAGE_STANDARD = gnu99;
				GCC_WARN_64_TO_32_BIT_CONVERSION = YES;
				GCC_WARN_ABOUT_RETURN_TYPE = YES_ERROR;
				GCC_WARN_UNDECLARED_SELECTOR = YES;
				GCC_WARN_UNINITIALIZED_AUTOS = YES_AGGRESSIVE;
				GCC_WARN_UNUSED_FUNCTION = YES;
				GCC_WARN_UNUSED_VARIABLE = YES;
				IPHONEOS_DEPLOYMENT_TARGET = 7.1;
				SDKROOT = iphoneos;
				TARGETED_DEVICE_FAMILY = "1,2";
				VALIDATE_PRODUCT = YES;
			};
			name = Release;
		};
		9C71CB5E18D7482F00D7C08F /* Debug */ = {
			isa = XCBuildConfiguration;
			buildSettings = {
				ASSETCATALOG_COMPILER_APPICON_NAME = AppIcon;
				ASSETCATALOG_COMPILER_LAUNCHIMAGE_NAME = LaunchImage;
				GCC_PRECOMPILE_PREFIX_HEADER = YES;
				GCC_PREFIX_HEADER = "Clock Firework/Clock Firework-Prefix.pch";
				INFOPLIST_FILE = "Clock Firework/Clock Firework-Info.plist";
				PRODUCT_NAME = "$(TARGET_NAME)";
				WRAPPER_EXTENSION = app;
			};
			name = Debug;
		};
		9C71CB5F18D7482F00D7C08F /* Release */ = {
			isa = XCBuildConfiguration;
			buildSettings = {
				ASSETCATALOG_COMPILER_APPICON_NAME = AppIcon;
				ASSETCATALOG_COMPILER_LAUNCHIMAGE_NAME = LaunchImage;
				GCC_PRECOMPILE_PREFIX_HEADER = YES;
				GCC_PREFIX_HEADER = "Clock Firework/Clock Firework-Prefix.pch";
				INFOPLIST_FILE = "Clock Firework/Clock Firework-Info.plist";
				PRODUCT_NAME = "$(TARGET_NAME)";
				WRAPPER_EXTENSION = app;
			};
			name = Release;
		};
		9C71CB6118D7482F00D7C08F /* Debug */ = {
			isa = XCBuildConfiguration;
			buildSettings = {
				BUNDLE_LOADER = "$(BUILT_PRODUCTS_DIR)/Clock Firework.app/Clock Firework";
				FRAMEWORK_SEARCH_PATHS = (
					"$(SDKROOT)/Developer/Library/Frameworks",
					"$(inherited)",
					"$(DEVELOPER_FRAMEWORKS_DIR)",
				);
				GCC_PRECOMPILE_PREFIX_HEADER = YES;
				GCC_PREFIX_HEADER = "Clock Firework/Clock Firework-Prefix.pch";
				GCC_PREPROCESSOR_DEFINITIONS = (
					"DEBUG=1",
					"$(inherited)",
				);
				INFOPLIST_FILE = "Clock FireworkTests/Clock FireworkTests-Info.plist";
				PRODUCT_NAME = "$(TARGET_NAME)";
				TEST_HOST = "$(BUNDLE_LOADER)";
				WRAPPER_EXTENSION = xctest;
			};
			name = Debug;
		};
		9C71CB6218D7482F00D7C08F /* Release */ = {
			isa = XCBuildConfiguration;
			buildSettings = {
				BUNDLE_LOADER = "$(BUILT_PRODUCTS_DIR)/Clock Firework.app/Clock Firework";
				FRAMEWORK_SEARCH_PATHS = (
					"$(SDKROOT)/Developer/Library/Frameworks",
					"$(inherited)",
					"$(DEVELOPER_FRAMEWORKS_DIR)",
				);
				GCC_PRECOMPILE_PREFIX_HEADER = YES;
				GCC_PREFIX_HEADER = "Clock Firework/Clock Firework-Prefix.pch";
				INFOPLIST_FILE = "Clock FireworkTests/Clock FireworkTests-Info.plist";
				PRODUCT_NAME = "$(TARGET_NAME)";
				TEST_HOST = "$(BUNDLE_LOADER)";
				WRAPPER_EXTENSION = xctest;
			};
			name = Release;
		};
/* End XCBuildConfiguration section */

/* Begin XCConfigurationList section */
		9C71CB2318D7482F00D7C08F /* Build configuration list for PBXProject "Clock Firework" */ = {
			isa = XCConfigurationList;
			buildConfigurations = (
				9C71CB5B18D7482F00D7C08F /* Debug */,
				9C71CB5C18D7482F00D7C08F /* Release */,
			);
			defaultConfigurationIsVisible = 0;
			defaultConfigurationName = Release;
		};
		9C71CB5D18D7482F00D7C08F /* Build configuration list for PBXNativeTarget "Clock Firework" */ = {
			isa = XCConfigurationList;
			buildConfigurations = (
				9C71CB5E18D7482F00D7C08F /* Debug */,
				9C71CB5F18D7482F00D7C08F /* Release */,
			);
			defaultConfigurationIsVisible = 0;
			defaultConfigurationName = Release;
		};
		9C71CB6018D7482F00D7C08F /* Build configuration list for PBXNativeTarget "Clock FireworkTests" */ = {
			isa = XCConfigurationList;
			buildConfigurations = (
				9C71CB6118D7482F00D7C08F /* Debug */,
				9C71CB6218D7482F00D7C08F /* Release */,
			);
			defaultConfigurationIsVisible = 0;
			defaultConfigurationName = Release;
		};
/* End XCConfigurationList section */
	};
	rootObject = 9C71CB2018D7482F00D7C08F /* Project object */;
}
